
Microsoft Visual Studio Solution File, Format Version 12.00
# Visual Studio Version 17
VisualStudioVersion = 17.13.35828.75 d17.13
MinimumVisualStudioVersion = 10.0.40219.1
Project("{FAE04EC0-301F-11D3-BF4B-00C04F79EFBC}") = "FirstWorld", "FirstWorld\FirstWorld.csproj", "{2F87349A-A8F4-434F-B241-F95267F639E8}"
EndProject
Global
	GlobalSection(SolutionConfigurationPlatforms) = preSolution
		Debug|Any CPU = Debug|Any CPU
		Release|Any CPU = Release|Any CPU
	EndGlobalSection
	GlobalSection(ProjectConfigurationPlatforms) = postSolution
		{2F87349A-A8F4-434F-B241-F95267F639E8}.Debug|Any CPU.ActiveCfg = Debug|Any CPU
		{2F87349A-A8F4-434F-B241-F95267F639E8}.Debug|Any CPU.Build.0 = Debug|Any CPU
		{2F87349A-A8F4-434F-B241-F95267F639E8}.Release|Any CPU.ActiveCfg = Release|Any CPU
		{2F87349A-A8F4-434F-B241-F95267F639E8}.Release|Any CPU.Build.0 = Release|Any CPU
	EndGlobalSection
	GlobalSection(SolutionProperties) = preSolution
		HideSolutionNode = FALSE
	EndGlobalSection
	GlobalSection(ExtensibilityGlobals) = postSolution
		SolutionGuid = {4FF54352-0DE4-4CE7-876B-F8751B94B20D}
	EndGlobalSection
EndGlobal
